
Microsoft Visual Studio Solution File, Format Version 12.00
# Visual Studio Version 16
VisualStudioVersion = 16.0.29709.97
MinimumVisualStudioVersion = 10.0.40219.1
Project("{9A19103F-16F7-4668-BE54-9A1E7A4F7556}") = "GreenCloud.MVC.MVCSamplePage", "GreenCloud.MVC.MVCSamplePage\GreenCloud.MVC.MVCSamplePage.csproj", "{A7D029B6-2B16-4FFF-BBA2-835C7C01C683}"
EndProject
Project("{FAE04EC0-301F-11D3-BF4B-00C04F79EFBC}") = "GreenCloud.MVC.MVCSamplePage.Test", "GreenCloud.MVC.MVCSamplePage.Test\GreenCloud.MVC.MVCSamplePage.Test.csproj", "{45A63886-EDB0-4A35-B673-4DC4485EA7A1}"
EndProject
Global
	GlobalSection(SolutionConfigurationPlatforms) = preSolution
		Debug|Any CPU = Debug|Any CPU
		Release|Any CPU = Release|Any CPU
	EndGlobalSection
	GlobalSection(ProjectConfigurationPlatforms) = postSolution
		{A7D029B6-2B16-4FFF-BBA2-835C7C01C683}.Debug|Any CPU.ActiveCfg = Debug|Any CPU
		{A7D029B6-2B16-4FFF-BBA2-835C7C01C683}.Debug|Any CPU.Build.0 = Debug|Any CPU
		{A7D029B6-2B16-4FFF-BBA2-835C7C01C683}.Release|Any CPU.ActiveCfg = Release|Any CPU
		{A7D029B6-2B16-4FFF-BBA2-835C7C01C683}.Release|Any CPU.Build.0 = Release|Any CPU
		{45A63886-EDB0-4A35-B673-4DC4485EA7A1}.Debug|Any CPU.ActiveCfg = Debug|Any CPU
		{45A63886-EDB0-4A35-B673-4DC4485EA7A1}.Debug|Any CPU.Build.0 = Debug|Any CPU
		{45A63886-EDB0-4A35-B673-4DC4485EA7A1}.Release|Any CPU.ActiveCfg = Release|Any CPU
		{45A63886-EDB0-4A35-B673-4DC4485EA7A1}.Release|Any CPU.Build.0 = Release|Any CPU
	EndGlobalSection
	GlobalSection(SolutionProperties) = preSolution
		HideSolutionNode = FALSE
	EndGlobalSection
	GlobalSection(ExtensibilityGlobals) = postSolution
		SolutionGuid = {F66061BE-A744-4E44-A850-C971814AA6BF}
	EndGlobalSection
EndGlobal
